
Microsoft Visual Studio Solution File, Format Version 12.00
# Visual Studio 15
VisualStudioVersion = 15.0.27004.2009
MinimumVisualStudioVersion = 10.0.40219.1
Project("{2150E333-8FDC-42A3-9474-1A3956D46DE8}") = "src", "src", "{973483BD-371F-444C-ABD5-6BFBE361C589}"
EndProject
Project("{2150E333-8FDC-42A3-9474-1A3956D46DE8}") = "tests", "tests", "{A471F616-7AE1-407E-B06B-9E400511FF00}"
EndProject
Project("{9A19103F-16F7-4668-BE54-9A1E7A4F7556}") = "CloudFoundry.CloudController.Common", "src\CloudFoundry.CloudController.Common\CloudFoundry.CloudController.Common.csproj", "{DC217D2C-1701-477D-A3F0-36D87415738D}"
EndProject
Project("{9A19103F-16F7-4668-BE54-9A1E7A4F7556}") = "CloudFoundry.CloudController.V2.Client", "src\CloudFoundry.CloudController.V2.Client\CloudFoundry.CloudController.V2.Client.csproj", "{82875DE0-9264-46BF-90A3-EFE1AF3250D5}"
EndProject
Project("{9A19103F-16F7-4668-BE54-9A1E7A4F7556}") = "CloudFoundry.UAA.Client", "src\CloudFoundry.UAA.Client\CloudFoundry.UAA.Client.csproj", "{6FFB06DA-A532-4F3E-80A8-1A25EE764F27}"
EndProject
Project("{9A19103F-16F7-4668-BE54-9A1E7A4F7556}") = "Thinktecture.IdentityModel.Client", "src\Thinktecture.IdentityModel.Client\Thinktecture.IdentityModel.Client.csproj", "{F49861FA-83BB-4DEB-B4FF-7E0FBF93F444}"
EndProject
Project("{9A19103F-16F7-4668-BE54-9A1E7A4F7556}") = "CloudFoundry.Loggregator.Client", "src\CloudFoundry.Loggregator.Client\CloudFoundry.Loggregator.Client.csproj", "{5D711058-C796-434A-8BFE-BEAA7FBC33E6}"
EndProject
Project("{9A19103F-16F7-4668-BE54-9A1E7A4F7556}") = "CloudFoundry.Doppler.DropsondeProtocol", "src\CloudFoundry.Doppler.DropsondeProtocol\CloudFoundry.Doppler.DropsondeProtocol.csproj", "{63D9B569-B77B-4261-ADBD-68AF6DD6C118}"
EndProject
Project("{9A19103F-16F7-4668-BE54-9A1E7A4F7556}") = "CloudFoundry.CloudController.V3.Client", "src\CloudFoundry.CloudController.V3.Client\CloudFoundry.CloudController.V3.Client.csproj", "{0E6C3097-C6E7-47CE-83FC-3EDBA498CEA2}"
EndProject
Project("{FAE04EC0-301F-11D3-BF4B-00C04F79EFBC}") = "CloudFoundry.CloudController.V3.Client.Integ.Test", "test\CloudFoundry.CloudController.V3.Client.Integ.Test\CloudFoundry.CloudController.V3.Client.Integ.Test.csproj", "{A4C99F97-3EB3-482D-A8A1-82D5EDF7708F}"
EndProject
Global
	GlobalSection(SolutionConfigurationPlatforms) = preSolution
		Debug|Any CPU = Debug|Any CPU
		Release|Any CPU = Release|Any CPU
	EndGlobalSection
	GlobalSection(ProjectConfigurationPlatforms) = postSolution
		{DC217D2C-1701-477D-A3F0-36D87415738D}.Debug|Any CPU.ActiveCfg = Debug|Any CPU
		{DC217D2C-1701-477D-A3F0-36D87415738D}.Debug|Any CPU.Build.0 = Debug|Any CPU
		{DC217D2C-1701-477D-A3F0-36D87415738D}.Release|Any CPU.ActiveCfg = Release|Any CPU
		{DC217D2C-1701-477D-A3F0-36D87415738D}.Release|Any CPU.Build.0 = Release|Any CPU
		{82875DE0-9264-46BF-90A3-EFE1AF3250D5}.Debug|Any CPU.ActiveCfg = Debug|Any CPU
		{82875DE0-9264-46BF-90A3-EFE1AF3250D5}.Debug|Any CPU.Build.0 = Debug|Any CPU
		{82875DE0-9264-46BF-90A3-EFE1AF3250D5}.Release|Any CPU.ActiveCfg = Release|Any CPU
		{82875DE0-9264-46BF-90A3-EFE1AF3250D5}.Release|Any CPU.Build.0 = Release|Any CPU
		{6FFB06DA-A532-4F3E-80A8-1A25EE764F27}.Debug|Any CPU.ActiveCfg = Debug|Any CPU
		{6FFB06DA-A532-4F3E-80A8-1A25EE764F27}.Debug|Any CPU.Build.0 = Debug|Any CPU
		{6FFB06DA-A532-4F3E-80A8-1A25EE764F27}.Release|Any CPU.ActiveCfg = Release|Any CPU
		{6FFB06DA-A532-4F3E-80A8-1A25EE764F27}.Release|Any CPU.Build.0 = Release|Any CPU
		{F49861FA-83BB-4DEB-B4FF-7E0FBF93F444}.Debug|Any CPU.ActiveCfg = Debug|Any CPU
		{F49861FA-83BB-4DEB-B4FF-7E0FBF93F444}.Debug|Any CPU.Build.0 = Debug|Any CPU
		{F49861FA-83BB-4DEB-B4FF-7E0FBF93F444}.Release|Any CPU.ActiveCfg = Release|Any CPU
		{F49861FA-83BB-4DEB-B4FF-7E0FBF93F444}.Release|Any CPU.Build.0 = Release|Any CPU
		{5D711058-C796-434A-8BFE-BEAA7FBC33E6}.Debug|Any CPU.ActiveCfg = Debug|Any CPU
		{5D711058-C796-434A-8BFE-BEAA7FBC33E6}.Debug|Any CPU.Build.0 = Debug|Any CPU
		{5D711058-C796-434A-8BFE-BEAA7FBC33E6}.Release|Any CPU.ActiveCfg = Release|Any CPU
		{5D711058-C796-434A-8BFE-BEAA7FBC33E6}.Release|Any CPU.Build.0 = Release|Any CPU
		{63D9B569-B77B-4261-ADBD-68AF6DD6C118}.Debug|Any CPU.ActiveCfg = Debug|Any CPU
		{63D9B569-B77B-4261-ADBD-68AF6DD6C118}.Debug|Any CPU.Build.0 = Debug|Any CPU
		{63D9B569-B77B-4261-ADBD-68AF6DD6C118}.Release|Any CPU.ActiveCfg = Release|Any CPU
		{63D9B569-B77B-4261-ADBD-68AF6DD6C118}.Release|Any CPU.Build.0 = Release|Any CPU
		{0E6C3097-C6E7-47CE-83FC-3EDBA498CEA2}.Debug|Any CPU.ActiveCfg = Debug|Any CPU
		{0E6C3097-C6E7-47CE-83FC-3EDBA498CEA2}.Debug|Any CPU.Build.0 = Debug|Any CPU
		{0E6C3097-C6E7-47CE-83FC-3EDBA498CEA2}.Release|Any CPU.ActiveCfg = Release|Any CPU
		{0E6C3097-C6E7-47CE-83FC-3EDBA498CEA2}.Release|Any CPU.Build.0 = Release|Any CPU
		{A4C99F97-3EB3-482D-A8A1-82D5EDF7708F}.Debug|Any CPU.ActiveCfg = Debug|Any CPU
		{A4C99F97-3EB3-482D-A8A1-82D5EDF7708F}.Debug|Any CPU.Build.0 = Debug|Any CPU
		{A4C99F97-3EB3-482D-A8A1-82D5EDF7708F}.Release|Any CPU.ActiveCfg = Release|Any CPU
		{A4C99F97-3EB3-482D-A8A1-82D5EDF7708F}.Release|Any CPU.Build.0 = Release|Any CPU
	EndGlobalSection
	GlobalSection(SolutionProperties) = preSolution
		HideSolutionNode = FALSE
	EndGlobalSection
	GlobalSection(NestedProjects) = preSolution
		{DC217D2C-1701-477D-A3F0-36D87415738D} = {973483BD-371F-444C-ABD5-6BFBE361C589}
		{82875DE0-9264-46BF-90A3-EFE1AF3250D5} = {973483BD-371F-444C-ABD5-6BFBE361C589}
		{6FFB06DA-A532-4F3E-80A8-1A25EE764F27} = {973483BD-371F-444C-ABD5-6BFBE361C589}
		{F49861FA-83BB-4DEB-B4FF-7E0FBF93F444} = {973483BD-371F-444C-ABD5-6BFBE361C589}
		{5D711058-C796-434A-8BFE-BEAA7FBC33E6} = {973483BD-371F-444C-ABD5-6BFBE361C589}
		{63D9B569-B77B-4261-ADBD-68AF6DD6C118} = {973483BD-371F-444C-ABD5-6BFBE361C589}
		{0E6C3097-C6E7-47CE-83FC-3EDBA498CEA2} = {973483BD-371F-444C-ABD5-6BFBE361C589}
		{A4C99F97-3EB3-482D-A8A1-82D5EDF7708F} = {A471F616-7AE1-407E-B06B-9E400511FF00}
	EndGlobalSection
	GlobalSection(ExtensibilityGlobals) = postSolution
		SolutionGuid = {82E78815-52AD-4AFA-86C6-7D103308A28F}
	EndGlobalSection
EndGlobal
