
Microsoft Visual Studio Solution File, Format Version 12.00
# Visual Studio Version 16
VisualStudioVersion = 16.0.30717.126
MinimumVisualStudioVersion = 10.0.40219.1
Project("{2150E333-8FDC-42A3-9474-1A3956D46DE8}") = "src", "src", "{73F5C4AC-5C9E-4440-BC63-88AC979971E7}"
EndProject
Project("{FAE04EC0-301F-11D3-BF4B-00C04F79EFBC}") = "CloudFoundry.CloudController.V3.Client", "src\CloudFoundry.CloudController.V3.Client\CloudFoundry.CloudController.V3.Client.csproj", "{099FC4B7-C4EF-452A-AED1-F96B0B240D76}"
EndProject
Global
	GlobalSection(SolutionConfigurationPlatforms) = preSolution
		Debug|Any CPU = Debug|Any CPU
		Release|Any CPU = Release|Any CPU
	EndGlobalSection
	GlobalSection(ProjectConfigurationPlatforms) = postSolution
		{099FC4B7-C4EF-452A-AED1-F96B0B240D76}.Debug|Any CPU.ActiveCfg = Debug|Any CPU
		{099FC4B7-C4EF-452A-AED1-F96B0B240D76}.Debug|Any CPU.Build.0 = Debug|Any CPU
		{099FC4B7-C4EF-452A-AED1-F96B0B240D76}.Release|Any CPU.ActiveCfg = Release|Any CPU
		{099FC4B7-C4EF-452A-AED1-F96B0B240D76}.Release|Any CPU.Build.0 = Release|Any CPU
	EndGlobalSection
	GlobalSection(SolutionProperties) = preSolution
		HideSolutionNode = FALSE
	EndGlobalSection
	GlobalSection(NestedProjects) = preSolution
		{099FC4B7-C4EF-452A-AED1-F96B0B240D76} = {73F5C4AC-5C9E-4440-BC63-88AC979971E7}
	EndGlobalSection
	GlobalSection(ExtensibilityGlobals) = postSolution
		SolutionGuid = {38D5324A-7590-4E33-B6B0-6CF2E7EB3B85}
	EndGlobalSection
EndGlobal
